{
  "name": "miniprogram",
  "version": "1.0.0",
  "lockfileVersion": 1,
  "requires": true,
  "dependencies": {
    "@babel/runtime": {
      "version": "7.7.2",
      "resolved": "https://registry.npmjs.org/@babel/runtime/-/runtime-7.7.2.tgz",
      "integrity": "sha512-JONRbXbTXc9WQE2mAZd1p0Z3DZ/6vaQIkgYMSTP3KjRCyd7rCZCcfhCyX+YjwcKxcZ82UrxbRD358bpExNgrjw==",
      "requires": {
        "regenerator-runtime": "^0.13.2"
      }
    },
    "@vant/icons": {
      "version": "1.1.13",
      "resolved": "https://registry.npmjs.org/@vant/icons/-/icons-1.1.13.tgz",
      "integrity": "sha512-r2EoKDQ4Xh82fo5jVY/m/+LZFfRhHp+ViagySExzlJ7t6JFtmK1OqB6HdFkXXbfEzB/48BvGoPVifFoYzke6KQ=="
    },
    "@vue/babel-helper-vue-jsx-merge-props": {
      "version": "1.0.0",
      "resolved": "https://registry.npmjs.org/@vue/babel-helper-vue-jsx-merge-props/-/babel-helper-vue-jsx-merge-props-1.0.0.tgz",
      "integrity": "sha512-6tyf5Cqm4m6v7buITuwS+jHzPlIPxbFzEhXR5JGZpbrvOcp1hiQKckd305/3C7C36wFekNTQSxAtgeM0j0yoUw=="
    },
    "regenerator-runtime": {
      "version": "0.13.3",
      "resolved": "https://registry.npmjs.org/regenerator-runtime/-/regenerator-runtime-0.13.3.tgz",
      "integrity": "sha512-naKIZz2GQ8JWh///G7L3X6LaQUAMp2lvb1rvwwsURe/VXwD6VMfr+/1NuNw3ag8v2kY1aQ/go5SNn79O9JU7yw=="
    },
    "vant": {
      "version": "2.1.8",
      "resolved": "https://registry.npmjs.org/vant/-/vant-2.1.8.tgz",
      "integrity": "sha512-mF0ivFVfbErsEtTYqDt2URNXRZi6JpOwPI+0WFgjRP23cktrew6cScuaqy3pEYXfJqxLgMwk2ehzCHat67x0XA==",
      "requires": {
        "@babel/runtime": "7.x",
        "@vant/icons": "1.1.13",
        "@vue/babel-helper-vue-jsx-merge-props": "^1.0.0",
        "vue-lazyload": "1.2.3"
      }
    },
    "vant-weapp": {
      "version": "0.5.13",
      "resolved": "https://registry.npmjs.org/vant-weapp/-/vant-weapp-0.5.13.tgz",
      "integrity": "sha512-rtgThfgkdoUpjOl/uL41KN/4zr+iSVfx442oUqt1bkWvYQmJiqfh5nWjwEKg6ExnaBkN1ESaC38W9eHkwA+3hg=="
    },
    "vue-lazyload": {
      "version": "1.2.3",
      "resolved": "https://registry.npmjs.org/vue-lazyload/-/vue-lazyload-1.2.3.tgz",
      "integrity": "sha512-DC0ZwxanbRhx79tlA3zY5OYJkH8FYp3WBAnAJbrcuoS8eye1P73rcgAZhyxFSPUluJUTelMB+i/+VkNU/qVm7g=="
    }
  }
}
