{
  "name": "miniprogram",
  "version": "1.0.0",
  "lockfileVersion": 1,
  "requires": true,
  "dependencies": {
    "@babel/runtime": {
      "version": "7.4.5",
      "resolved": "https://registry.npmjs.org/@babel/runtime/-/runtime-7.4.5.tgz",
      "integrity": "sha512-TuI4qpWZP6lGOGIuGWtp9sPluqYICmbk8T/1vpSysqJxRPkudh/ofFWyqdcMsDf2s7KvDL4/YHgKyvcS3g9CJQ==",
      "requires": {
        "regenerator-runtime": "^0.13.2"
      }
    },
    "@vant/icons": {
      "version": "1.1.7",
      "resolved": "https://registry.npmjs.org/@vant/icons/-/icons-1.1.7.tgz",
      "integrity": "sha512-hCHVniOmBIs789UYxICgC3k3wGWI3QGx3/LOtSjMu7DtCyGdFX/6saNzrpDENNAponHAsszvUmBz37v9GQjX9A=="
    },
    "@vue/babel-helper-vue-jsx-merge-props": {
      "version": "1.0.0",
      "resolved": "https://registry.npmjs.org/@vue/babel-helper-vue-jsx-merge-props/-/babel-helper-vue-jsx-merge-props-1.0.0.tgz",
      "integrity": "sha512-6tyf5Cqm4m6v7buITuwS+jHzPlIPxbFzEhXR5JGZpbrvOcp1hiQKckd305/3C7C36wFekNTQSxAtgeM0j0yoUw=="
    },
    "regenerator-runtime": {
      "version": "0.13.2",
      "resolved": "https://registry.npmjs.org/regenerator-runtime/-/regenerator-runtime-0.13.2.tgz",
      "integrity": "sha512-S/TQAZJO+D3m9xeN1WTI8dLKBBiRgXBlTJvbWjCThHWZj9EvHK70Ff50/tYj2J/fvBY6JtFVwRuazHN2E7M9BA=="
    },
    "vant": {
      "version": "1.6.19",
      "resolved": "https://registry.npmjs.org/vant/-/vant-1.6.19.tgz",
      "integrity": "sha512-i4YNxNIEZCDtVal2RB+ZgJG3vYjdm8xxp/VJWkn7Xli+BwPNszLPrI5FJKHfp7m6cwZAY3plcSd4gFuadaTB3w==",
      "requires": {
        "@babel/runtime": "^7.4.3",
        "@vant/icons": "1.1.7",
        "@vue/babel-helper-vue-jsx-merge-props": "^1.0.0-beta.3",
        "vue-lazyload": "1.2.3"
      }
    },
    "vant-weapp": {
      "version": "0.5.13",
      "resolved": "https://registry.npmjs.org/vant-weapp/-/vant-weapp-0.5.13.tgz",
      "integrity": "sha512-rtgThfgkdoUpjOl/uL41KN/4zr+iSVfx442oUqt1bkWvYQmJiqfh5nWjwEKg6ExnaBkN1ESaC38W9eHkwA+3hg=="
    },
    "vue-lazyload": {
      "version": "1.2.3",
      "resolved": "https://registry.npmjs.org/vue-lazyload/-/vue-lazyload-1.2.3.tgz",
      "integrity": "sha512-DC0ZwxanbRhx79tlA3zY5OYJkH8FYp3WBAnAJbrcuoS8eye1P73rcgAZhyxFSPUluJUTelMB+i/+VkNU/qVm7g=="
    }
  }
}
